
Microsoft Visual Studio Solution File, Format Version 12.00
# Visual Studio Version 17
VisualStudioVersion = 17.1.32421.90
MinimumVisualStudioVersion = 10.0.40219.1
Project("{2150E333-8FDC-42A3-9474-1A3956D46DE8}") = ".nuget", ".nuget", "{DFA48E27-7D53-4955-A722-3D91A7119BE7}"
	ProjectSection(SolutionItems) = preProject
		.nuget\NuGet.Config = .nuget\NuGet.Config
		.nuget\NuGet.exe = .nuget\NuGet.exe
		.nuget\NuGet.targets = .nuget\NuGet.targets
	EndProjectSection
EndProject
Project("{2150E333-8FDC-42A3-9474-1A3956D46DE8}") = "Tests", "Tests", "{67BE60D5-7E45-4079-B46D-B037BD5A236D}"
EndProject
Project("{FAE04EC0-301F-11D3-BF4B-00C04F79EFBC}") = "SW10.SWMANAGER.Tests", "Tests\SW10.SWMANAGER.Tests\SW10.SWMANAGER.Tests.csproj", "{7F0AE638-2772-445B-B198-6CF9D7E2C8AC}"
EndProject
Project("{FAE04EC0-301F-11D3-BF4B-00C04F79EFBC}") = "SW10.SWMANAGER.WebApi", "SW10.SWMANAGER.WebApi\SW10.SWMANAGER.WebApi.csproj", "{5EB52D3D-09FD-463A-B02A-8D9856BD3724}"
EndProject
Project("{FAE04EC0-301F-11D3-BF4B-00C04F79EFBC}") = "SW10.SWMANAGER.Web", "SW10.SWMANAGER.Web\SW10.SWMANAGER.Web.csproj", "{897F6FD8-6F90-48E4-95A5-B4429B896205}"
EndProject
Project("{FAE04EC0-301F-11D3-BF4B-00C04F79EFBC}") = "SW10.SWMANAGER.Core", "SW10.SWMANAGER.Core\SW10.SWMANAGER.Core.csproj", "{17298EA0-AF73-4F30-B6F1-2066100D7D74}"
EndProject
Project("{FAE04EC0-301F-11D3-BF4B-00C04F79EFBC}") = "SW10.SWMANAGER.Application", "SW10.SWMANAGER.Application\SW10.SWMANAGER.Application.csproj", "{EDF5D964-4C0F-4F19-B674-58A38A5E5401}"
EndProject
Project("{FAE04EC0-301F-11D3-BF4B-00C04F79EFBC}") = "SW10.SWMANAGER.EntityFramework", "SW10.SWMANAGER.EntityFramework\SW10.SWMANAGER.EntityFramework.csproj", "{3979F157-DEB0-4878-AB1D-4CEF6B5A1300}"
EndProject
Project("{2150E333-8FDC-42A3-9474-1A3956D46DE8}") = "Tools", "Tools", "{05F773EC-8A60-4889-BB58-7B4E742D1CD5}"
EndProject
Project("{FAE04EC0-301F-11D3-BF4B-00C04F79EFBC}") = "SW10.SWMANAGER.Migrator", "Tools\SW10.SWMANAGER.Migrator\SW10.SWMANAGER.Migrator.csproj", "{B156DA32-D231-43B8-AE22-61C0C6B9F517}"
EndProject
Project("{FAE04EC0-301F-11D3-BF4B-00C04F79EFBC}") = "SW10.SWMANAGER.ADORepositorio", "SW10.SWMANAGER.ADORepositorio\SW10.SWMANAGER.ADORepositorio.csproj", "{001C8B0E-7C72-477D-BF98-DCE7492EF834}"
EndProject
Project("{2150E333-8FDC-42A3-9474-1A3956D46DE8}") = "Reports", "Reports", "{98B5EF0F-A4FD-4D4C-8994-EFF487DFDCC9}"
EndProject
Project("{FAE04EC0-301F-11D3-BF4B-00C04F79EFBC}") = "SW.JasperReports", "SW.JasperReports\SW.JasperReports.csproj", "{C443E418-FD99-417B-B8A0-6B5A29FD8CD2}"
EndProject
Project("{FAE04EC0-301F-11D3-BF4B-00C04F79EFBC}") = "SW.Reports", "SW.Reports\SW.Reports.csproj", "{E7C0D5B8-4393-46A1-A0AA-B707D035B72B}"
EndProject
Project("{FAE04EC0-301F-11D3-BF4B-00C04F79EFBC}") = "Sefaz", "SW10.SWMANAGER.Sefaz\Sefaz.csproj", "{63701402-CED1-4677-BDE1-36E2E56709F6}"
EndProject
Project("{2150E333-8FDC-42A3-9474-1A3956D46DE8}") = "Tiss", "Tiss", "{C3DFB7A1-2E49-45F3-8CC1-794EBE72180F}"
EndProject
Project("{2150E333-8FDC-42A3-9474-1A3956D46DE8}") = "V3", "V3", "{1E8752C4-EC8D-4AEB-8C5F-983D97456835}"
EndProject
Project("{FAE04EC0-301F-11D3-BF4B-00C04F79EFBC}") = "TissV03.05.00", "Tiss\V3\TissV03.05.00\TissV03.05.00.csproj", "{2F1223AC-A44A-4E3E-8046-4A21718D0646}"
EndProject
Project("{FAE04EC0-301F-11D3-BF4B-00C04F79EFBC}") = "TissBase", "Tiss\BaseTiss\TissBase.csproj", "{6E3425AF-5A04-4287-AD0C-9505819D23DF}"
EndProject
Project("{2150E333-8FDC-42A3-9474-1A3956D46DE8}") = "V4", "V4", "{C2084621-7CBA-4C15-AD3C-0E1151FB0712}"
EndProject
Project("{FAE04EC0-301F-11D3-BF4B-00C04F79EFBC}") = "TissV04.00.01", "Tiss\V4\TissV04.00.01\TissV04.00.01.csproj", "{8C2A498A-9142-4CA3-B0D2-A99D96B588F3}"
EndProject
Global
	GlobalSection(SolutionConfigurationPlatforms) = preSolution
		Debug|Any CPU = Debug|Any CPU
		Release|Any CPU = Release|Any CPU
	EndGlobalSection
	GlobalSection(ProjectConfigurationPlatforms) = postSolution
		{7F0AE638-2772-445B-B198-6CF9D7E2C8AC}.Debug|Any CPU.ActiveCfg = Debug|Any CPU
		{7F0AE638-2772-445B-B198-6CF9D7E2C8AC}.Debug|Any CPU.Build.0 = Debug|Any CPU
		{7F0AE638-2772-445B-B198-6CF9D7E2C8AC}.Release|Any CPU.ActiveCfg = Release|Any CPU
		{7F0AE638-2772-445B-B198-6CF9D7E2C8AC}.Release|Any CPU.Build.0 = Release|Any CPU
		{5EB52D3D-09FD-463A-B02A-8D9856BD3724}.Debug|Any CPU.ActiveCfg = Debug|Any CPU
		{5EB52D3D-09FD-463A-B02A-8D9856BD3724}.Debug|Any CPU.Build.0 = Debug|Any CPU
		{5EB52D3D-09FD-463A-B02A-8D9856BD3724}.Release|Any CPU.ActiveCfg = Release|Any CPU
		{5EB52D3D-09FD-463A-B02A-8D9856BD3724}.Release|Any CPU.Build.0 = Release|Any CPU
		{897F6FD8-6F90-48E4-95A5-B4429B896205}.Debug|Any CPU.ActiveCfg = Debug|Any CPU
		{897F6FD8-6F90-48E4-95A5-B4429B896205}.Debug|Any CPU.Build.0 = Debug|Any CPU
		{897F6FD8-6F90-48E4-95A5-B4429B896205}.Release|Any CPU.ActiveCfg = Release|Any CPU
		{897F6FD8-6F90-48E4-95A5-B4429B896205}.Release|Any CPU.Build.0 = Release|Any CPU
		{17298EA0-AF73-4F30-B6F1-2066100D7D74}.Debug|Any CPU.ActiveCfg = Debug|Any CPU
		{17298EA0-AF73-4F30-B6F1-2066100D7D74}.Debug|Any CPU.Build.0 = Debug|Any CPU
		{17298EA0-AF73-4F30-B6F1-2066100D7D74}.Release|Any CPU.ActiveCfg = Release|Any CPU
		{17298EA0-AF73-4F30-B6F1-2066100D7D74}.Release|Any CPU.Build.0 = Release|Any CPU
		{EDF5D964-4C0F-4F19-B674-58A38A5E5401}.Debug|Any CPU.ActiveCfg = Debug|Any CPU
		{EDF5D964-4C0F-4F19-B674-58A38A5E5401}.Debug|Any CPU.Build.0 = Debug|Any CPU
		{EDF5D964-4C0F-4F19-B674-58A38A5E5401}.Release|Any CPU.ActiveCfg = Release|Any CPU
		{EDF5D964-4C0F-4F19-B674-58A38A5E5401}.Release|Any CPU.Build.0 = Release|Any CPU
		{3979F157-DEB0-4878-AB1D-4CEF6B5A1300}.Debug|Any CPU.ActiveCfg = Debug|Any CPU
		{3979F157-DEB0-4878-AB1D-4CEF6B5A1300}.Debug|Any CPU.Build.0 = Debug|Any CPU
		{3979F157-DEB0-4878-AB1D-4CEF6B5A1300}.Release|Any CPU.ActiveCfg = Release|Any CPU
		{3979F157-DEB0-4878-AB1D-4CEF6B5A1300}.Release|Any CPU.Build.0 = Release|Any CPU
		{B156DA32-D231-43B8-AE22-61C0C6B9F517}.Debug|Any CPU.ActiveCfg = Debug|Any CPU
		{B156DA32-D231-43B8-AE22-61C0C6B9F517}.Debug|Any CPU.Build.0 = Debug|Any CPU
		{B156DA32-D231-43B8-AE22-61C0C6B9F517}.Release|Any CPU.ActiveCfg = Release|Any CPU
		{B156DA32-D231-43B8-AE22-61C0C6B9F517}.Release|Any CPU.Build.0 = Release|Any CPU
		{001C8B0E-7C72-477D-BF98-DCE7492EF834}.Debug|Any CPU.ActiveCfg = Debug|Any CPU
		{001C8B0E-7C72-477D-BF98-DCE7492EF834}.Debug|Any CPU.Build.0 = Debug|Any CPU
		{001C8B0E-7C72-477D-BF98-DCE7492EF834}.Release|Any CPU.ActiveCfg = Release|Any CPU
		{001C8B0E-7C72-477D-BF98-DCE7492EF834}.Release|Any CPU.Build.0 = Release|Any CPU
		{C443E418-FD99-417B-B8A0-6B5A29FD8CD2}.Debug|Any CPU.ActiveCfg = Debug|Any CPU
		{C443E418-FD99-417B-B8A0-6B5A29FD8CD2}.Debug|Any CPU.Build.0 = Debug|Any CPU
		{C443E418-FD99-417B-B8A0-6B5A29FD8CD2}.Release|Any CPU.ActiveCfg = Release|Any CPU
		{C443E418-FD99-417B-B8A0-6B5A29FD8CD2}.Release|Any CPU.Build.0 = Release|Any CPU
		{E7C0D5B8-4393-46A1-A0AA-B707D035B72B}.Debug|Any CPU.ActiveCfg = Debug|Any CPU
		{E7C0D5B8-4393-46A1-A0AA-B707D035B72B}.Debug|Any CPU.Build.0 = Debug|Any CPU
		{E7C0D5B8-4393-46A1-A0AA-B707D035B72B}.Release|Any CPU.ActiveCfg = Release|Any CPU
		{E7C0D5B8-4393-46A1-A0AA-B707D035B72B}.Release|Any CPU.Build.0 = Release|Any CPU
		{63701402-CED1-4677-BDE1-36E2E56709F6}.Debug|Any CPU.ActiveCfg = Debug|Any CPU
		{63701402-CED1-4677-BDE1-36E2E56709F6}.Debug|Any CPU.Build.0 = Debug|Any CPU
		{63701402-CED1-4677-BDE1-36E2E56709F6}.Release|Any CPU.ActiveCfg = Release|Any CPU
		{63701402-CED1-4677-BDE1-36E2E56709F6}.Release|Any CPU.Build.0 = Release|Any CPU
		{2F1223AC-A44A-4E3E-8046-4A21718D0646}.Debug|Any CPU.ActiveCfg = Debug|Any CPU
		{2F1223AC-A44A-4E3E-8046-4A21718D0646}.Debug|Any CPU.Build.0 = Debug|Any CPU
		{2F1223AC-A44A-4E3E-8046-4A21718D0646}.Release|Any CPU.ActiveCfg = Release|Any CPU
		{2F1223AC-A44A-4E3E-8046-4A21718D0646}.Release|Any CPU.Build.0 = Release|Any CPU
		{6E3425AF-5A04-4287-AD0C-9505819D23DF}.Debug|Any CPU.ActiveCfg = Debug|Any CPU
		{6E3425AF-5A04-4287-AD0C-9505819D23DF}.Debug|Any CPU.Build.0 = Debug|Any CPU
		{6E3425AF-5A04-4287-AD0C-9505819D23DF}.Release|Any CPU.ActiveCfg = Release|Any CPU
		{6E3425AF-5A04-4287-AD0C-9505819D23DF}.Release|Any CPU.Build.0 = Release|Any CPU
		{8C2A498A-9142-4CA3-B0D2-A99D96B588F3}.Debug|Any CPU.ActiveCfg = Debug|Any CPU
		{8C2A498A-9142-4CA3-B0D2-A99D96B588F3}.Debug|Any CPU.Build.0 = Debug|Any CPU
		{8C2A498A-9142-4CA3-B0D2-A99D96B588F3}.Release|Any CPU.ActiveCfg = Release|Any CPU
		{8C2A498A-9142-4CA3-B0D2-A99D96B588F3}.Release|Any CPU.Build.0 = Release|Any CPU
	EndGlobalSection
	GlobalSection(SolutionProperties) = preSolution
		HideSolutionNode = FALSE
	EndGlobalSection
	GlobalSection(NestedProjects) = preSolution
		{7F0AE638-2772-445B-B198-6CF9D7E2C8AC} = {67BE60D5-7E45-4079-B46D-B037BD5A236D}
		{B156DA32-D231-43B8-AE22-61C0C6B9F517} = {05F773EC-8A60-4889-BB58-7B4E742D1CD5}
		{001C8B0E-7C72-477D-BF98-DCE7492EF834} = {05F773EC-8A60-4889-BB58-7B4E742D1CD5}
		{C443E418-FD99-417B-B8A0-6B5A29FD8CD2} = {98B5EF0F-A4FD-4D4C-8994-EFF487DFDCC9}
		{E7C0D5B8-4393-46A1-A0AA-B707D035B72B} = {98B5EF0F-A4FD-4D4C-8994-EFF487DFDCC9}
		{1E8752C4-EC8D-4AEB-8C5F-983D97456835} = {C3DFB7A1-2E49-45F3-8CC1-794EBE72180F}
		{2F1223AC-A44A-4E3E-8046-4A21718D0646} = {1E8752C4-EC8D-4AEB-8C5F-983D97456835}
		{6E3425AF-5A04-4287-AD0C-9505819D23DF} = {C3DFB7A1-2E49-45F3-8CC1-794EBE72180F}
		{C2084621-7CBA-4C15-AD3C-0E1151FB0712} = {C3DFB7A1-2E49-45F3-8CC1-794EBE72180F}
		{8C2A498A-9142-4CA3-B0D2-A99D96B588F3} = {C2084621-7CBA-4C15-AD3C-0E1151FB0712}
	EndGlobalSection
	GlobalSection(ExtensibilityGlobals) = postSolution
		SolutionGuid = {155814BE-E873-497F-8BE9-9C705F992BB5}
	EndGlobalSection
EndGlobal
